
Microsoft Visual Studio Solution File, Format Version 12.00
# Visual Studio Version 16
VisualStudioVersion = 16.0.31229.75
MinimumVisualStudioVersion = 10.0.40219.1
Project("{9A19103F-16F7-4668-BE54-9A1E7A4F7556}") = "Auction.IO.Domain", "Auction.IO.Domain\Auction.IO.Domain.csproj", "{152E61FD-3435-4A27-9679-61ACEBF3CC29}"
EndProject
Project("{9A19103F-16F7-4668-BE54-9A1E7A4F7556}") = "Auction.IO.EntityFramework", "Auction.IO.EntityFramework\Auction.IO.EntityFramework.csproj", "{8D794E95-7287-4533-ACD1-7C0FDC2DEA97}"
EndProject
Project("{9A19103F-16F7-4668-BE54-9A1E7A4F7556}") = "Auction.IO.UI", "Auction.IO.UI\Auction.IO.UI.csproj", "{7F560B27-4D2E-4658-BEA9-2108C6516F90}"
EndProject
Global
	GlobalSection(SolutionConfigurationPlatforms) = preSolution
		Debug|Any CPU = Debug|Any CPU
		Release|Any CPU = Release|Any CPU
	EndGlobalSection
	GlobalSection(ProjectConfigurationPlatforms) = postSolution
		{152E61FD-3435-4A27-9679-61ACEBF3CC29}.Debug|Any CPU.ActiveCfg = Debug|Any CPU
		{152E61FD-3435-4A27-9679-61ACEBF3CC29}.Debug|Any CPU.Build.0 = Debug|Any CPU
		{152E61FD-3435-4A27-9679-61ACEBF3CC29}.Release|Any CPU.ActiveCfg = Release|Any CPU
		{152E61FD-3435-4A27-9679-61ACEBF3CC29}.Release|Any CPU.Build.0 = Release|Any CPU
		{8D794E95-7287-4533-ACD1-7C0FDC2DEA97}.Debug|Any CPU.ActiveCfg = Debug|Any CPU
		{8D794E95-7287-4533-ACD1-7C0FDC2DEA97}.Debug|Any CPU.Build.0 = Debug|Any CPU
		{8D794E95-7287-4533-ACD1-7C0FDC2DEA97}.Release|Any CPU.ActiveCfg = Release|Any CPU
		{8D794E95-7287-4533-ACD1-7C0FDC2DEA97}.Release|Any CPU.Build.0 = Release|Any CPU
		{7F560B27-4D2E-4658-BEA9-2108C6516F90}.Debug|Any CPU.ActiveCfg = Debug|Any CPU
		{7F560B27-4D2E-4658-BEA9-2108C6516F90}.Debug|Any CPU.Build.0 = Debug|Any CPU
		{7F560B27-4D2E-4658-BEA9-2108C6516F90}.Release|Any CPU.ActiveCfg = Release|Any CPU
		{7F560B27-4D2E-4658-BEA9-2108C6516F90}.Release|Any CPU.Build.0 = Release|Any CPU
	EndGlobalSection
	GlobalSection(SolutionProperties) = preSolution
		HideSolutionNode = FALSE
	EndGlobalSection
	GlobalSection(ExtensibilityGlobals) = postSolution
		SolutionGuid = {23EC20BB-4BC7-46FB-8FFC-1E64920960A8}
	EndGlobalSection
EndGlobal
